// !$*UTF8*$!
{
	archiveVersion = 1;
	classes = {
	};
	objectVersion = 50;
	objects = {

/* Begin PBXBuildFile section */
		CC250F6C2634D7C700A1619E /* CloudKit.framework in Frameworks */ = {isa = PBXBuildFile; fileRef = CC250F6B2634D7C700A1619E /* CloudKit.framework */; };
		CC250F6E2634D8AB00A1619E /* HomeView.swift in Sources */ = {isa = PBXBuildFile; fileRef = CC250F6D2634D8AB00A1619E /* HomeView.swift */; };
		CC250F712634D95500A1619E /* OutcomeView.swift in Sources */ = {isa = PBXBuildFile; fileRef = CC250F702634D95500A1619E /* OutcomeView.swift */; };
		CC9A73552634CBC2000F233F /* MasteryGradingApp.swift in Sources */ = {isa = PBXBuildFile; fileRef = CC9A73542634CBC2000F233F /* MasteryGradingApp.swift */; };
		CC9A73572634CBC2000F233F /* ContentView.swift in Sources */ = {isa = PBXBuildFile; fileRef = CC9A73562634CBC2000F233F /* ContentView.swift */; };
		CC9A73592634CBC3000F233F /* Assets.xcassets in Resources */ = {isa = PBXBuildFile; fileRef = CC9A73582634CBC3000F233F /* Assets.xcassets */; };
		CC9A735C2634CBC3000F233F /* Preview Assets.xcassets in Resources */ = {isa = PBXBuildFile; fileRef = CC9A735B2634CBC3000F233F /* Preview Assets.xcassets */; };
		CC9A73662634CD68000F233F /* Main.xcdatamodeld in Sources */ = {isa = PBXBuildFile; fileRef = CC9A73642634CD68000F233F /* Main.xcdatamodeld */; };
		CC9A73692634D07A000F233F /* DataController.swift in Sources */ = {isa = PBXBuildFile; fileRef = CC9A73682634D07A000F233F /* DataController.swift */; };
/* End PBXBuildFile section */

/* Begin PBXFileReference section */
		CC250F682634D7A400A1619E /* MasteryGrading.entitlements */ = {isa = PBXFileReference; lastKnownFileType = text.plist.entitlements; path = MasteryGrading.entitlements; sourceTree = "<group>"; };
		CC250F6B2634D7C700A1619E /* CloudKit.framework */ = {isa = PBXFileReference; lastKnownFileType = wrapper.framework; name = CloudKit.framework; path = System/Library/Frameworks/CloudKit.framework; sourceTree = SDKROOT; };
		CC250F6D2634D8AB00A1619E /* HomeView.swift */ = {isa = PBXFileReference; lastKnownFileType = sourcecode.swift; path = HomeView.swift; sourceTree = "<group>"; };
		CC250F702634D95500A1619E /* OutcomeView.swift */ = {isa = PBXFileReference; lastKnownFileType = sourcecode.swift; path = OutcomeView.swift; sourceTree = "<group>"; };
		CC9A73512634CBC2000F233F /* MasteryGrading.app */ = {isa = PBXFileReference; explicitFileType = wrapper.application; includeInIndex = 0; path = MasteryGrading.app; sourceTree = BUILT_PRODUCTS_DIR; };
		CC9A73542634CBC2000F233F /* MasteryGradingApp.swift */ = {isa = PBXFileReference; lastKnownFileType = sourcecode.swift; path = MasteryGradingApp.swift; sourceTree = "<group>"; };
		CC9A73562634CBC2000F233F /* ContentView.swift */ = {isa = PBXFileReference; lastKnownFileType = sourcecode.swift; path = ContentView.swift; sourceTree = "<group>"; };
		CC9A73582634CBC3000F233F /* Assets.xcassets */ = {isa = PBXFileReference; lastKnownFileType = folder.assetcatalog; path = Assets.xcassets; sourceTree = "<group>"; };
		CC9A735B2634CBC3000F233F /* Preview Assets.xcassets */ = {isa = PBXFileReference; lastKnownFileType = folder.assetcatalog; path = "Preview Assets.xcassets"; sourceTree = "<group>"; };
		CC9A735D2634CBC3000F233F /* Info.plist */ = {isa = PBXFileReference; lastKnownFileType = text.plist.xml; path = Info.plist; sourceTree = "<group>"; };
		CC9A73652634CD68000F233F /* Main.xcdatamodel */ = {isa = PBXFileReference; lastKnownFileType = wrapper.xcdatamodel; path = Main.xcdatamodel; sourceTree = "<group>"; };
		CC9A73682634D07A000F233F /* DataController.swift */ = {isa = PBXFileReference; lastKnownFileType = sourcecode.swift; path = DataController.swift; sourceTree = "<group>"; };
/* End PBXFileReference section */

/* Begin PBXFrameworksBuildPhase section */
		CC9A734E2634CBC2000F233F /* Frameworks */ = {
			isa = PBXFrameworksBuildPhase;
			buildActionMask = 2147483647;
			files = (
				CC250F6C2634D7C700A1619E /* CloudKit.framework in Frameworks */,
			);
			runOnlyForDeploymentPostprocessing = 0;
		};
/* End PBXFrameworksBuildPhase section */

/* Begin PBXGroup section */
		CC250F6A2634D7C700A1619E /* Frameworks */ = {
			isa = PBXGroup;
			children = (
				CC250F6B2634D7C700A1619E /* CloudKit.framework */,
			);
			name = Frameworks;
			sourceTree = "<group>";
		};
		CC9A73482634CBC2000F233F = {
			isa = PBXGroup;
			children = (
				CC9A73532634CBC2000F233F /* MasteryGrading */,
				CC9A73522634CBC2000F233F /* Products */,
				CC250F6A2634D7C700A1619E /* Frameworks */,
			);
			sourceTree = "<group>";
		};
		CC9A73522634CBC2000F233F /* Products */ = {
			isa = PBXGroup;
			children = (
				CC9A73512634CBC2000F233F /* MasteryGrading.app */,
			);
			name = Products;
			sourceTree = "<group>";
		};
		CC9A73532634CBC2000F233F /* MasteryGrading */ = {
			isa = PBXGroup;
			children = (
				CC250F682634D7A400A1619E /* MasteryGrading.entitlements */,
				CC9A73542634CBC2000F233F /* MasteryGradingApp.swift */,
				CC9A73562634CBC2000F233F /* ContentView.swift */,
				CC250F6D2634D8AB00A1619E /* HomeView.swift */,
				CC250F702634D95500A1619E /* OutcomeView.swift */,
				CC9A73682634D07A000F233F /* DataController.swift */,
				CC9A73642634CD68000F233F /* Main.xcdatamodeld */,
				CC9A73582634CBC3000F233F /* Assets.xcassets */,
				CC9A735D2634CBC3000F233F /* Info.plist */,
				CC9A735A2634CBC3000F233F /* Preview Content */,
			);
			path = MasteryGrading;
			sourceTree = "<group>";
		};
		CC9A735A2634CBC3000F233F /* Preview Content */ = {
			isa = PBXGroup;
			children = (
				CC9A735B2634CBC3000F233F /* Preview Assets.xcassets */,
			);
			path = "Preview Content";
			sourceTree = "<group>";
		};
/* End PBXGroup section */

/* Begin PBXNativeTarget section */
		CC9A73502634CBC2000F233F /* MasteryGrading */ = {
			isa = PBXNativeTarget;
			buildConfigurationList = CC9A73602634CBC3000F233F /* Build configuration list for PBXNativeTarget "MasteryGrading" */;
			buildPhases = (
				CC9A734D2634CBC2000F233F /* Sources */,
				CC9A734E2634CBC2000F233F /* Frameworks */,
				CC9A734F2634CBC2000F233F /* Resources */,
			);
			buildRules = (
			);
			dependencies = (
			);
			name = MasteryGrading;
			productName = MasteryGrading;
			productReference = CC9A73512634CBC2000F233F /* MasteryGrading.app */;
			productType = "com.apple.product-type.application";
		};
/* End PBXNativeTarget section */

/* Begin PBXProject section */
		CC9A73492634CBC2000F233F /* Project object */ = {
			isa = PBXProject;
			attributes = {
				LastSwiftUpdateCheck = 1240;
				LastUpgradeCheck = 1240;
				TargetAttributes = {
					CC9A73502634CBC2000F233F = {
						CreatedOnToolsVersion = 12.4;
					};
				};
			};
			buildConfigurationList = CC9A734C2634CBC2000F233F /* Build configuration list for PBXProject "MasteryGrading" */;
			compatibilityVersion = "Xcode 9.3";
			developmentRegion = en;
			hasScannedForEncodings = 0;
			knownRegions = (
				en,
				Base,
			);
			mainGroup = CC9A73482634CBC2000F233F;
			productRefGroup = CC9A73522634CBC2000F233F /* Products */;
			projectDirPath = "";
			projectRoot = "";
			targets = (
				CC9A73502634CBC2000F233F /* MasteryGrading */,
			);
		};
/* End PBXProject section */

/* Begin PBXResourcesBuildPhase section */
		CC9A734F2634CBC2000F233F /* Resources */ = {
			isa = PBXResourcesBuildPhase;
			buildActionMask = 2147483647;
			files = (
				CC9A735C2634CBC3000F233F /* Preview Assets.xcassets in Resources */,
				CC9A73592634CBC3000F233F /* Assets.xcassets in Resources */,
			);
			runOnlyForDeploymentPostprocessing = 0;
		};
/* End PBXResourcesBuildPhase section */

/* Begin PBXSourcesBuildPhase section */
		CC9A734D2634CBC2000F233F /* Sources */ = {
			isa = PBXSourcesBuildPhase;
			buildActionMask = 2147483647;
			files = (
				CC9A73662634CD68000F233F /* Main.xcdatamodeld in Sources */,
				CC9A73692634D07A000F233F /* DataController.swift in Sources */,
				CC9A73572634CBC2000F233F /* ContentView.swift in Sources */,
				CC250F712634D95500A1619E /* OutcomeView.swift in Sources */,
				CC250F6E2634D8AB00A1619E /* HomeView.swift in Sources */,
				CC9A73552634CBC2000F233F /* MasteryGradingApp.swift in Sources */,
			);
			runOnlyForDeploymentPostprocessing = 0;
		};
/* End PBXSourcesBuildPhase section */

/* Begin XCBuildConfiguration section */
		CC9A735E2634CBC3000F233F /* Debug */ = {
			isa = XCBuildConfiguration;
			buildSettings = {
				ALWAYS_SEARCH_USER_PATHS = NO;
				CLANG_ANALYZER_NONNULL = YES;
				CLANG_ANALYZER_NUMBER_OBJECT_CONVERSION = YES_AGGRESSIVE;
				CLANG_CXX_LANGUAGE_STANDARD = "gnu++14";
				CLANG_CXX_LIBRARY = "libc++";
				CLANG_ENABLE_MODULES = YES;
				CLANG_ENABLE_OBJC_ARC = YES;
				CLANG_ENABLE_OBJC_WEAK = YES;
				CLANG_WARN_BLOCK_CAPTURE_AUTORELEASING = YES;
				CLANG_WARN_BOOL_CONVERSION = YES;
				CLANG_WARN_COMMA = YES;
				CLANG_WARN_CONSTANT_CONVERSION = YES;
				CLANG_WARN_DEPRECATED_OBJC_IMPLEMENTATIONS = YES;
				CLANG_WARN_DIRECT_OBJC_ISA_USAGE = YES_ERROR;
				CLANG_WARN_DOCUMENTATION_COMMENTS = YES;
				CLANG_WARN_EMPTY_BODY = YES;
				CLANG_WARN_ENUM_CONVERSION = YES;
				CLANG_WARN_INFINITE_RECURSION = YES;
				CLANG_WARN_INT_CONVERSION = YES;
				CLANG_WARN_NON_LITERAL_NULL_CONVERSION = YES;
				CLANG_WARN_OBJC_IMPLICIT_RETAIN_SELF = YES;
				CLANG_WARN_OBJC_LITERAL_CONVERSION = YES;
				CLANG_WARN_OBJC_ROOT_CLASS = YES_ERROR;
				CLANG_WARN_QUOTED_INCLUDE_IN_FRAMEWORK_HEADER = YES;
				CLANG_WARN_RANGE_LOOP_ANALYSIS = YES;
				CLANG_WARN_STRICT_PROTOTYPES = YES;
				CLANG_WARN_SUSPICIOUS_MOVE = YES;
				CLANG_WARN_UNGUARDED_AVAILABILITY = YES_AGGRESSIVE;
				CLANG_WARN_UNREACHABLE_CODE = YES;
				CLANG_WARN__DUPLICATE_METHOD_MATCH = YES;
				COPY_PHASE_STRIP = NO;
				DEBUG_INFORMATION_FORMAT = dwarf;
				ENABLE_STRICT_OBJC_MSGSEND = YES;
				ENABLE_TESTABILITY = YES;
				GCC_C_LANGUAGE_STANDARD = gnu11;
				GCC_DYNAMIC_NO_PIC = NO;
				GCC_NO_COMMON_BLOCKS = YES;
				GCC_OPTIMIZATION_LEVEL = 0;
				GCC_PREPROCESSOR_DEFINITIONS = (
					"DEBUG=1",
					"$(inherited)",
				);
				GCC_WARN_64_TO_32_BIT_CONVERSION = YES;
				GCC_WARN_ABOUT_RETURN_TYPE = YES_ERROR;
				GCC_WARN_UNDECLARED_SELECTOR = YES;
				GCC_WARN_UNINITIALIZED_AUTOS = YES_AGGRESSIVE;
				GCC_WARN_UNUSED_FUNCTION = YES;
				GCC_WARN_UNUSED_VARIABLE = YES;
				IPHONEOS_DEPLOYMENT_TARGET = 14.4;
				MTL_ENABLE_DEBUG_INFO = INCLUDE_SOURCE;
				MTL_FAST_MATH = YES;
				ONLY_ACTIVE_ARCH = YES;
				SDKROOT = iphoneos;
				SWIFT_ACTIVE_COMPILATION_CONDITIONS = DEBUG;
				SWIFT_OPTIMIZATION_LEVEL = "-Onone";
			};
			name = Debug;
		};
		CC9A735F2634CBC3000F233F /* Release */ = {
			isa = XCBuildConfiguration;
			buildSettings = {
				ALWAYS_SEARCH_USER_PATHS = NO;
				CLANG_ANALYZER_NONNULL = YES;
				CLANG_ANALYZER_NUMBER_OBJECT_CONVERSION = YES_AGGRESSIVE;
				CLANG_CXX_LANGUAGE_STANDARD = "gnu++14";
				CLANG_CXX_LIBRARY = "libc++";
				CLANG_ENABLE_MODULES = YES;
				CLANG_ENABLE_OBJC_ARC = YES;
				CLANG_ENABLE_OBJC_WEAK = YES;
				CLANG_WARN_BLOCK_CAPTURE_AUTORELEASING = YES;
				CLANG_WARN_BOOL_CONVERSION = YES;
				CLANG_WARN_COMMA = YES;
				CLANG_WARN_CONSTANT_CONVERSION = YES;
				CLANG_WARN_DEPRECATED_OBJC_IMPLEMENTATIONS = YES;
				CLANG_WARN_DIRECT_OBJC_ISA_USAGE = YES_ERROR;
				CLANG_WARN_DOCUMENTATION_COMMENTS = YES;
				CLANG_WARN_EMPTY_BODY = YES;
				CLANG_WARN_ENUM_CONVERSION = YES;
				CLANG_WARN_INFINITE_RECURSION = YES;
				CLANG_WARN_INT_CONVERSION = YES;
				CLANG_WARN_NON_LITERAL_NULL_CONVERSION = YES;
				CLANG_WARN_OBJC_IMPLICIT_RETAIN_SELF = YES;
				CLANG_WARN_OBJC_LITERAL_CONVERSION = YES;
				CLANG_WARN_OBJC_ROOT_CLASS = YES_ERROR;
				CLANG_WARN_QUOTED_INCLUDE_IN_FRAMEWORK_HEADER = YES;
				CLANG_WARN_RANGE_LOOP_ANALYSIS = YES;
				CLANG_WARN_STRICT_PROTOTYPES = YES;
				CLANG_WARN_SUSPICIOUS_MOVE = YES;
				CLANG_WARN_UNGUARDED_AVAILABILITY = YES_AGGRESSIVE;
				CLANG_WARN_UNREACHABLE_CODE = YES;
				CLANG_WARN__DUPLICATE_METHOD_MATCH = YES;
				COPY_PHASE_STRIP = NO;
				DEBUG_INFORMATION_FORMAT = "dwarf-with-dsym";
				ENABLE_NS_ASSERTIONS = NO;
				ENABLE_STRICT_OBJC_MSGSEND = YES;
				GCC_C_LANGUAGE_STANDARD = gnu11;
				GCC_NO_COMMON_BLOCKS = YES;
				GCC_WARN_64_TO_32_BIT_CONVERSION = YES;
				GCC_WARN_ABOUT_RETURN_TYPE = YES_ERROR;
				GCC_WARN_UNDECLARED_SELECTOR = YES;
				GCC_WARN_UNINITIALIZED_AUTOS = YES_AGGRESSIVE;
				GCC_WARN_UNUSED_FUNCTION = YES;
				GCC_WARN_UNUSED_VARIABLE = YES;
				IPHONEOS_DEPLOYMENT_TARGET = 14.4;
				MTL_ENABLE_DEBUG_INFO = NO;
				MTL_FAST_MATH = YES;
				SDKROOT = iphoneos;
				SWIFT_COMPILATION_MODE = wholemodule;
				SWIFT_OPTIMIZATION_LEVEL = "-O";
				VALIDATE_PRODUCT = YES;
			};
			name = Release;
		};
		CC9A73612634CBC3000F233F /* Debug */ = {
			isa = XCBuildConfiguration;
			buildSettings = {
				ASSETCATALOG_COMPILER_APPICON_NAME = AppIcon;
				ASSETCATALOG_COMPILER_GLOBAL_ACCENT_COLOR_NAME = AccentColor;
				CODE_SIGN_ENTITLEMENTS = MasteryGrading/MasteryGrading.entitlements;
				CODE_SIGN_STYLE = Automatic;
				DEVELOPMENT_ASSET_PATHS = "\"MasteryGrading/Preview Content\"";
				DEVELOPMENT_TEAM = 88QL9VPLMY;
				ENABLE_PREVIEWS = YES;
				INFOPLIST_FILE = MasteryGrading/Info.plist;
				IPHONEOS_DEPLOYMENT_TARGET = 14.0;
				LD_RUNPATH_SEARCH_PATHS = (
					"$(inherited)",
					"@executable_path/Frameworks",
				);
				PRODUCT_BUNDLE_IDENTIFIER = com.transfinite.MasteryGrading;
				PRODUCT_NAME = "$(TARGET_NAME)";
				SWIFT_VERSION = 5.0;
				TARGETED_DEVICE_FAMILY = "1,2";
			};
			name = Debug;
		};
		CC9A73622634CBC3000F233F /* Release */ = {
			isa = XCBuildConfiguration;
			buildSettings = {
				ASSETCATALOG_COMPILER_APPICON_NAME = AppIcon;
				ASSETCATALOG_COMPILER_GLOBAL_ACCENT_COLOR_NAME = AccentColor;
				CODE_SIGN_ENTITLEMENTS = MasteryGrading/MasteryGrading.entitlements;
				CODE_SIGN_STYLE = Automatic;
				DEVELOPMENT_ASSET_PATHS = "\"MasteryGrading/Preview Content\"";
				DEVELOPMENT_TEAM = 88QL9VPLMY;
				ENABLE_PREVIEWS = YES;
				INFOPLIST_FILE = MasteryGrading/Info.plist;
				IPHONEOS_DEPLOYMENT_TARGET = 14.0;
				LD_RUNPATH_SEARCH_PATHS = (
					"$(inherited)",
					"@executable_path/Frameworks",
				);
				PRODUCT_BUNDLE_IDENTIFIER = com.transfinite.MasteryGrading;
				PRODUCT_NAME = "$(TARGET_NAME)";
				SWIFT_VERSION = 5.0;
				TARGETED_DEVICE_FAMILY = "1,2";
			};
			name = Release;
		};
/* End XCBuildConfiguration section */

/* Begin XCConfigurationList section */
		CC9A734C2634CBC2000F233F /* Build configuration list for PBXProject "MasteryGrading" */ = {
			isa = XCConfigurationList;
			buildConfigurations = (
				CC9A735E2634CBC3000F233F /* Debug */,
				CC9A735F2634CBC3000F233F /* Release */,
			);
			defaultConfigurationIsVisible = 0;
			defaultConfigurationName = Release;
		};
		CC9A73602634CBC3000F233F /* Build configuration list for PBXNativeTarget "MasteryGrading" */ = {
			isa = XCConfigurationList;
			buildConfigurations = (
				CC9A73612634CBC3000F233F /* Debug */,
				CC9A73622634CBC3000F233F /* Release */,
			);
			defaultConfigurationIsVisible = 0;
			defaultConfigurationName = Release;
		};
/* End XCConfigurationList section */

/* Begin XCVersionGroup section */
		CC9A73642634CD68000F233F /* Main.xcdatamodeld */ = {
			isa = XCVersionGroup;
			children = (
				CC9A73652634CD68000F233F /* Main.xcdatamodel */,
			);
			currentVersion = CC9A73652634CD68000F233F /* Main.xcdatamodel */;
			path = Main.xcdatamodeld;
			sourceTree = "<group>";
			versionGroupType = wrapper.xcdatamodel;
		};
/* End XCVersionGroup section */
	};
	rootObject = CC9A73492634CBC2000F233F /* Project object */;
}
